
Microsoft Visual Studio Solution File, Format Version 12.00
# Visual Studio Version 17
VisualStudioVersion = 17.4.33213.308
MinimumVisualStudioVersion = 10.0.40219.1
Project("{FAE04EC0-301F-11D3-BF4B-00C04F79EFBC}") = "Factory_Method", "Factory_Method\Factory_Method.csproj", "{4E652BBC-495A-459A-88A0-1D264CCC4F08}"
EndProject
Global
	GlobalSection(SolutionConfigurationPlatforms) = preSolution
		Debug|Any CPU = Debug|Any CPU
		Release|Any CPU = Release|Any CPU
	EndGlobalSection
	GlobalSection(ProjectConfigurationPlatforms) = postSolution
		{4E652BBC-495A-459A-88A0-1D264CCC4F08}.Debug|Any CPU.ActiveCfg = Debug|Any CPU
		{4E652BBC-495A-459A-88A0-1D264CCC4F08}.Debug|Any CPU.Build.0 = Debug|Any CPU
		{4E652BBC-495A-459A-88A0-1D264CCC4F08}.Release|Any CPU.ActiveCfg = Release|Any CPU
		{4E652BBC-495A-459A-88A0-1D264CCC4F08}.Release|Any CPU.Build.0 = Release|Any CPU
	EndGlobalSection
	GlobalSection(SolutionProperties) = preSolution
		HideSolutionNode = FALSE
	EndGlobalSection
	GlobalSection(ExtensibilityGlobals) = postSolution
		SolutionGuid = {F536B625-DBB8-4A67-BBFA-963485095EFE}
	EndGlobalSection
EndGlobal
